
Microsoft Visual Studio Solution File, Format Version 12.00
# Visual Studio Version 17
VisualStudioVersion = 17.7.34018.315
MinimumVisualStudioVersion = 10.0.40219.1
Project("{2150E333-8FDC-42A3-9474-1A3956D46DE8}") = "Core", "Core", "{EDA50D07-27EC-4511-9096-4AFD768476F5}"
EndProject
Project("{2150E333-8FDC-42A3-9474-1A3956D46DE8}") = "Infrastructure", "Infrastructure", "{349DFF8D-B392-4125-9BFF-27A53D88C467}"
EndProject
Project("{9A19103F-16F7-4668-BE54-9A1E7A4F7556}") = "ETradeProject.Domain", "Core\ETradeProject.Domain\ETradeProject.Domain.csproj", "{7B32390E-465B-4771-9B0E-363C6BF4DF3B}"
EndProject
Project("{9A19103F-16F7-4668-BE54-9A1E7A4F7556}") = "ETradeProject.Application", "Core\ETradeProject.Application\ETradeProject.Application.csproj", "{46E45042-3681-4159-A40A-358BFA5D0CE0}"
EndProject
Project("{9A19103F-16F7-4668-BE54-9A1E7A4F7556}") = "ETradeProject.Infrastructure", "Infrastructure\ETradeProject.Infrastructure\ETradeProject.Infrastructure.csproj", "{0875B5CE-1CC3-4A91-BBA9-5517FDA0F384}"
EndProject
Project("{9A19103F-16F7-4668-BE54-9A1E7A4F7556}") = "ETradeProject.Persistence", "Infrastructure\ETradeProject.Persistence\ETradeProject.Persistence.csproj", "{B60C6E7A-25B2-41EC-9B58-85C17077E6F7}"
EndProject
Project("{2150E333-8FDC-42A3-9474-1A3956D46DE8}") = "Presentation", "Presentation", "{F49ED34C-8EAE-47A4-B7AE-2718E130D01B}"
EndProject
Project("{FAE04EC0-301F-11D3-BF4B-00C04F79EFBC}") = "ETradeProject.API", "Presentation\ETradeProject.API\ETradeProject.API.csproj", "{E64DF30C-65BD-4BD0-9DEF-F66E7B5E1D80}"
EndProject
Global
	GlobalSection(SolutionConfigurationPlatforms) = preSolution
		Debug|Any CPU = Debug|Any CPU
		Release|Any CPU = Release|Any CPU
	EndGlobalSection
	GlobalSection(ProjectConfigurationPlatforms) = postSolution
		{7B32390E-465B-4771-9B0E-363C6BF4DF3B}.Debug|Any CPU.ActiveCfg = Debug|Any CPU
		{7B32390E-465B-4771-9B0E-363C6BF4DF3B}.Debug|Any CPU.Build.0 = Debug|Any CPU
		{7B32390E-465B-4771-9B0E-363C6BF4DF3B}.Release|Any CPU.ActiveCfg = Release|Any CPU
		{7B32390E-465B-4771-9B0E-363C6BF4DF3B}.Release|Any CPU.Build.0 = Release|Any CPU
		{46E45042-3681-4159-A40A-358BFA5D0CE0}.Debug|Any CPU.ActiveCfg = Debug|Any CPU
		{46E45042-3681-4159-A40A-358BFA5D0CE0}.Debug|Any CPU.Build.0 = Debug|Any CPU
		{46E45042-3681-4159-A40A-358BFA5D0CE0}.Release|Any CPU.ActiveCfg = Release|Any CPU
		{46E45042-3681-4159-A40A-358BFA5D0CE0}.Release|Any CPU.Build.0 = Release|Any CPU
		{0875B5CE-1CC3-4A91-BBA9-5517FDA0F384}.Debug|Any CPU.ActiveCfg = Debug|Any CPU
		{0875B5CE-1CC3-4A91-BBA9-5517FDA0F384}.Debug|Any CPU.Build.0 = Debug|Any CPU
		{0875B5CE-1CC3-4A91-BBA9-5517FDA0F384}.Release|Any CPU.ActiveCfg = Release|Any CPU
		{0875B5CE-1CC3-4A91-BBA9-5517FDA0F384}.Release|Any CPU.Build.0 = Release|Any CPU
		{B60C6E7A-25B2-41EC-9B58-85C17077E6F7}.Debug|Any CPU.ActiveCfg = Debug|Any CPU
		{B60C6E7A-25B2-41EC-9B58-85C17077E6F7}.Debug|Any CPU.Build.0 = Debug|Any CPU
		{B60C6E7A-25B2-41EC-9B58-85C17077E6F7}.Release|Any CPU.ActiveCfg = Release|Any CPU
		{B60C6E7A-25B2-41EC-9B58-85C17077E6F7}.Release|Any CPU.Build.0 = Release|Any CPU
		{E64DF30C-65BD-4BD0-9DEF-F66E7B5E1D80}.Debug|Any CPU.ActiveCfg = Debug|Any CPU
		{E64DF30C-65BD-4BD0-9DEF-F66E7B5E1D80}.Debug|Any CPU.Build.0 = Debug|Any CPU
		{E64DF30C-65BD-4BD0-9DEF-F66E7B5E1D80}.Release|Any CPU.ActiveCfg = Release|Any CPU
		{E64DF30C-65BD-4BD0-9DEF-F66E7B5E1D80}.Release|Any CPU.Build.0 = Release|Any CPU
	EndGlobalSection
	GlobalSection(SolutionProperties) = preSolution
		HideSolutionNode = FALSE
	EndGlobalSection
	GlobalSection(NestedProjects) = preSolution
		{7B32390E-465B-4771-9B0E-363C6BF4DF3B} = {EDA50D07-27EC-4511-9096-4AFD768476F5}
		{46E45042-3681-4159-A40A-358BFA5D0CE0} = {EDA50D07-27EC-4511-9096-4AFD768476F5}
		{0875B5CE-1CC3-4A91-BBA9-5517FDA0F384} = {349DFF8D-B392-4125-9BFF-27A53D88C467}
		{B60C6E7A-25B2-41EC-9B58-85C17077E6F7} = {349DFF8D-B392-4125-9BFF-27A53D88C467}
		{E64DF30C-65BD-4BD0-9DEF-F66E7B5E1D80} = {F49ED34C-8EAE-47A4-B7AE-2718E130D01B}
	EndGlobalSection
	GlobalSection(ExtensibilityGlobals) = postSolution
		SolutionGuid = {8041703D-B923-4F76-BE73-7362695D8738}
	EndGlobalSection
EndGlobal
